
Microsoft Visual Studio Solution File, Format Version 12.00
# Visual Studio Version 17
VisualStudioVersion = 17.14.37314.3
MinimumVisualStudioVersion = 10.0.40219.1
Project("{FAE04EC0-301F-11D3-BF4B-00C04F79EFBC}") = "Staybnb", "Staybnb.csproj", "{475817A9-E5E9-4F46-BB28-0B6F229EB53B}"
EndProject
Global
	GlobalSection(SolutionConfigurationPlatforms) = preSolution
		Debug|Any CPU = Debug|Any CPU
		Release|Any CPU = Release|Any CPU
	EndGlobalSection
	GlobalSection(ProjectConfigurationPlatforms) = postSolution
		{475817A9-E5E9-4F46-BB28-0B6F229EB53B}.Debug|Any CPU.ActiveCfg = Debug|Any CPU
		{475817A9-E5E9-4F46-BB28-0B6F229EB53B}.Debug|Any CPU.Build.0 = Debug|Any CPU
		{475817A9-E5E9-4F46-BB28-0B6F229EB53B}.Release|Any CPU.ActiveCfg = Release|Any CPU
		{475817A9-E5E9-4F46-BB28-0B6F229EB53B}.Release|Any CPU.Build.0 = Release|Any CPU
	EndGlobalSection
	GlobalSection(SolutionProperties) = preSolution
		HideSolutionNode = FALSE
	EndGlobalSection
	GlobalSection(ExtensibilityGlobals) = postSolution
		SolutionGuid = {BA21B574-8DB4-427B-B6BA-3ECDEB097465}
	EndGlobalSection
EndGlobal
